
Microsoft Visual Studio Solution File, Format Version 12.00
# Visual Studio Version 16
VisualStudioVersion = 16.0.31624.102
MinimumVisualStudioVersion = 10.0.40219.1
Project("{FAE04EC0-301F-11D3-BF4B-00C04F79EFBC}") = "FabricStore", "FabricStore\FabricStore.csproj", "{BA181128-6163-4EC9-A0B1-1F0C7C3A6E95}"
EndProject
Global
	GlobalSection(SolutionConfigurationPlatforms) = preSolution
		Debug|Any CPU = Debug|Any CPU
		Release|Any CPU = Release|Any CPU
	EndGlobalSection
	GlobalSection(ProjectConfigurationPlatforms) = postSolution
		{BA181128-6163-4EC9-A0B1-1F0C7C3A6E95}.Debug|Any CPU.ActiveCfg = Debug|Any CPU
		{BA181128-6163-4EC9-A0B1-1F0C7C3A6E95}.Debug|Any CPU.Build.0 = Debug|Any CPU
		{BA181128-6163-4EC9-A0B1-1F0C7C3A6E95}.Release|Any CPU.ActiveCfg = Release|Any CPU
		{BA181128-6163-4EC9-A0B1-1F0C7C3A6E95}.Release|Any CPU.Build.0 = Release|Any CPU
	EndGlobalSection
	GlobalSection(SolutionProperties) = preSolution
		HideSolutionNode = FALSE
	EndGlobalSection
	GlobalSection(ExtensibilityGlobals) = postSolution
		SolutionGuid = {86B1B1EB-5BCA-4E43-898E-5A372C355F1F}
	EndGlobalSection
EndGlobal
