
Microsoft Visual Studio Solution File, Format Version 12.00
# Visual Studio Version 16
VisualStudioVersion = 16.0.31005.135
MinimumVisualStudioVersion = 10.0.40219.1
Project("{FAE04EC0-301F-11D3-BF4B-00C04F79EFBC}") = "pz10", "pz10.csproj", "{E07D0690-178D-4E29-8DE2-4C2CD721F5C6}"
EndProject
Global
	GlobalSection(SolutionConfigurationPlatforms) = preSolution
		Debug|Any CPU = Debug|Any CPU
		Release|Any CPU = Release|Any CPU
	EndGlobalSection
	GlobalSection(ProjectConfigurationPlatforms) = postSolution
		{E07D0690-178D-4E29-8DE2-4C2CD721F5C6}.Debug|Any CPU.ActiveCfg = Debug|Any CPU
		{E07D0690-178D-4E29-8DE2-4C2CD721F5C6}.Debug|Any CPU.Build.0 = Debug|Any CPU
		{E07D0690-178D-4E29-8DE2-4C2CD721F5C6}.Release|Any CPU.ActiveCfg = Release|Any CPU
		{E07D0690-178D-4E29-8DE2-4C2CD721F5C6}.Release|Any CPU.Build.0 = Release|Any CPU
	EndGlobalSection
	GlobalSection(SolutionProperties) = preSolution
		HideSolutionNode = FALSE
	EndGlobalSection
	GlobalSection(ExtensibilityGlobals) = postSolution
		SolutionGuid = {74E0A85A-DF82-42DF-8623-BE136F1D8F75}
	EndGlobalSection
EndGlobal
