
Microsoft Visual Studio Solution File, Format Version 12.00
# Visual Studio Version 16
VisualStudioVersion = 16.0.31005.135
MinimumVisualStudioVersion = 10.0.40219.1
Project("{FAE04EC0-301F-11D3-BF4B-00C04F79EFBC}") = "pz6", "pz6.csproj", "{832A9C0D-81BE-4E90-9CB7-9F252302E8A1}"
EndProject
Global
	GlobalSection(SolutionConfigurationPlatforms) = preSolution
		Debug|Any CPU = Debug|Any CPU
		Release|Any CPU = Release|Any CPU
	EndGlobalSection
	GlobalSection(ProjectConfigurationPlatforms) = postSolution
		{832A9C0D-81BE-4E90-9CB7-9F252302E8A1}.Debug|Any CPU.ActiveCfg = Debug|Any CPU
		{832A9C0D-81BE-4E90-9CB7-9F252302E8A1}.Debug|Any CPU.Build.0 = Debug|Any CPU
		{832A9C0D-81BE-4E90-9CB7-9F252302E8A1}.Release|Any CPU.ActiveCfg = Release|Any CPU
		{832A9C0D-81BE-4E90-9CB7-9F252302E8A1}.Release|Any CPU.Build.0 = Release|Any CPU
	EndGlobalSection
	GlobalSection(SolutionProperties) = preSolution
		HideSolutionNode = FALSE
	EndGlobalSection
	GlobalSection(ExtensibilityGlobals) = postSolution
		SolutionGuid = {E1C2AB35-35C1-4D83-9835-1A3194E96EDB}
	EndGlobalSection
EndGlobal
